# This file is automatically @generated by Poetry 1.5.1 and should not be changed by hand.

[[package]]
name = "polars"
version = "0.19.3"
description = "Blazingly fast DataFrame library"
optional = false
python-versions = ">=3.8"
files = [
    {file = "polars-0.19.3-cp38-abi3-macosx_10_7_x86_64.whl", hash = "sha256:cd407a847fe581af35dc4144420b9e6d6a639ddce4b5d2c6396719ad74140c40"},
    {file = "polars-0.19.3-cp38-abi3-macosx_11_0_arm64.whl", hash = "sha256:2f033e8e4686bf02f923c18b679769bb5871f49b7c1e47a7c7071f272280477a"},
    {file = "polars-0.19.3-cp38-abi3-manylinux_2_17_aarch64.manylinux2014_aarch64.whl", hash = "sha256:43340deb657b8398ed2d972577756fb2431d64155cb9647881a35310d05be016"},
    {file = "polars-0.19.3-cp38-abi3-manylinux_2_17_x86_64.manylinux2014_x86_64.whl", hash = "sha256:d62122dca315e9ee0fcc52e58284c6d9d8c3163a420fd5a97441d5877746d76b"},
    {file = "polars-0.19.3-cp38-abi3-win_amd64.whl", hash = "sha256:e0990d8df05be5ff0ba2facd8ad7f33968e875f71aaf82d4924c23982434bd65"},
    {file = "polars-0.19.3.tar.gz", hash = "sha256:bef79f1742e6d1e7def1a4e664cafad7c406ff598c2b2b5867eff682920b2e7c"},
]

[package.extras]
adbc = ["adbc_driver_sqlite"]
all = ["polars[adbc,cloudpickle,connectorx,deltalake,fsspec,gevent,matplotlib,numpy,pandas,pyarrow,pydantic,sqlalchemy,timezone,xlsx2csv,xlsxwriter]"]
cloudpickle = ["cloudpickle"]
connectorx = ["connectorx"]
deltalake = ["deltalake (>=0.10.0)"]
fsspec = ["fsspec"]
gevent = ["gevent"]
matplotlib = ["matplotlib"]
numpy = ["numpy (>=1.16.0)"]
openpyxl = ["openpyxl (>=3.0.0)"]
pandas = ["pandas", "pyarrow (>=7.0.0)"]
pyarrow = ["pyarrow (>=7.0.0)"]
pydantic = ["pydantic"]
sqlalchemy = ["pandas", "sqlalchemy"]
timezone = ["backports.zoneinfo", "tzdata"]
xlsx2csv = ["xlsx2csv (>=0.8.0)"]
xlsxwriter = ["xlsxwriter"]

[metadata]
lock-version = "2.0"
python-versions = "^3.11"
content-hash = "404e880bc2124a330e44af99c30f471cb2a6a099fc4612963e575b78faa3aa66"
